
Microsoft Visual Studio Solution File, Format Version 12.00
# Visual Studio Version 17
VisualStudioVersion = 17.9.34728.123
MinimumVisualStudioVersion = 10.0.40219.1
Project("{8BC9CEB8-8B4A-11D0-8D11-00A0C91BC942}") = "MT3 02_04", "MT3 02_04.vcxproj", "{FA1074C1-0893-46D3-8CEE-145870D348FD}"
EndProject
Global
	GlobalSection(SolutionConfigurationPlatforms) = preSolution
		Debug|x64 = Debug|x64
		Release|x64 = Release|x64
	EndGlobalSection
	GlobalSection(ProjectConfigurationPlatforms) = postSolution
		{FA1074C1-0893-46D3-8CEE-145870D348FD}.Debug|x64.ActiveCfg = Debug|x64
		{FA1074C1-0893-46D3-8CEE-145870D348FD}.Debug|x64.Build.0 = Debug|x64
		{FA1074C1-0893-46D3-8CEE-145870D348FD}.Release|x64.ActiveCfg = Release|x64
		{FA1074C1-0893-46D3-8CEE-145870D348FD}.Release|x64.Build.0 = Release|x64
	EndGlobalSection
	GlobalSection(SolutionProperties) = preSolution
		HideSolutionNode = FALSE
	EndGlobalSection
	GlobalSection(ExtensibilityGlobals) = postSolution
		SolutionGuid = {5C8CA8EF-E37F-4B3D-A620-472E581066CF}
	EndGlobalSection
EndGlobal
